
Microsoft Visual Studio Solution File, Format Version 12.00
# Visual Studio Version 17
VisualStudioVersion = 17.9.34714.143
MinimumVisualStudioVersion = 10.0.40219.1
Project("{FAE04EC0-301F-11D3-BF4B-00C04F79EFBC}") = "GitTest", "GitTest.csproj", "{F57E2E02-7F14-44A0-AB43-B9380A1298D6}"
EndProject
Global
	GlobalSection(SolutionConfigurationPlatforms) = preSolution
		Debug|Any CPU = Debug|Any CPU
		Release|Any CPU = Release|Any CPU
	EndGlobalSection
	GlobalSection(ProjectConfigurationPlatforms) = postSolution
		{F57E2E02-7F14-44A0-AB43-B9380A1298D6}.Debug|Any CPU.ActiveCfg = Debug|Any CPU
		{F57E2E02-7F14-44A0-AB43-B9380A1298D6}.Debug|Any CPU.Build.0 = Debug|Any CPU
		{F57E2E02-7F14-44A0-AB43-B9380A1298D6}.Release|Any CPU.ActiveCfg = Release|Any CPU
		{F57E2E02-7F14-44A0-AB43-B9380A1298D6}.Release|Any CPU.Build.0 = Release|Any CPU
	EndGlobalSection
	GlobalSection(SolutionProperties) = preSolution
		HideSolutionNode = FALSE
	EndGlobalSection
	GlobalSection(ExtensibilityGlobals) = postSolution
		SolutionGuid = {EC578EAD-6520-4CE6-AEB4-F11849E14AB6}
	EndGlobalSection
EndGlobal
